// !$*UTF8*$!
{
	archiveVersion = 1;
	classes = {
	};
	objectVersion = 56;
	objects = {

/* Begin PBXBuildFile section */
		362BBAFB2C94257D0040BBFB /* CounterTCAApp.swift in Sources */ = {isa = PBXBuildFile; fileRef = 362BBAFA2C94257D0040BBFB /* CounterTCAApp.swift */; };
		362BBAFD2C94257D0040BBFB /* CounterView.swift in Sources */ = {isa = PBXBuildFile; fileRef = 362BBAFC2C94257D0040BBFB /* CounterView.swift */; };
		362BBAFF2C9425900040BBFB /* Assets.xcassets in Resources */ = {isa = PBXBuildFile; fileRef = 362BBAFE2C9425900040BBFB /* Assets.xcassets */; };
		362BBB022C9425900040BBFB /* Preview Assets.xcassets in Resources */ = {isa = PBXBuildFile; fileRef = 362BBB012C9425900040BBFB /* Preview Assets.xcassets */; };
		362BBB0F2C9426CC0040BBFB /* ComposableArchitecture in Frameworks */ = {isa = PBXBuildFile; productRef = 362BBB0E2C9426CC0040BBFB /* ComposableArchitecture */; };
		362BBB112C94275E0040BBFB /* CounterFeature.swift in Sources */ = {isa = PBXBuildFile; fileRef = 362BBB102C94275E0040BBFB /* CounterFeature.swift */; };
		362BBB452C9816C80040BBFB /* CounterTCATests.swift in Sources */ = {isa = PBXBuildFile; fileRef = 362BBB442C9816C80040BBFB /* CounterTCATests.swift */; };
/* End PBXBuildFile section */

/* Begin PBXContainerItemProxy section */
		362BBB462C9816C80040BBFB /* PBXContainerItemProxy */ = {
			isa = PBXContainerItemProxy;
			containerPortal = 362BBAEF2C94257D0040BBFB /* Project object */;
			proxyType = 1;
			remoteGlobalIDString = 362BBAF62C94257D0040BBFB;
			remoteInfo = CounterTCA;
		};
/* End PBXContainerItemProxy section */

/* Begin PBXFileReference section */
		362BBAF72C94257D0040BBFB /* CounterTCA.app */ = {isa = PBXFileReference; explicitFileType = wrapper.application; includeInIndex = 0; path = CounterTCA.app; sourceTree = BUILT_PRODUCTS_DIR; };
		362BBAFA2C94257D0040BBFB /* CounterTCAApp.swift */ = {isa = PBXFileReference; lastKnownFileType = sourcecode.swift; path = CounterTCAApp.swift; sourceTree = "<group>"; };
		362BBAFC2C94257D0040BBFB /* CounterView.swift */ = {isa = PBXFileReference; lastKnownFileType = sourcecode.swift; path = CounterView.swift; sourceTree = "<group>"; };
		362BBAFE2C9425900040BBFB /* Assets.xcassets */ = {isa = PBXFileReference; lastKnownFileType = folder.assetcatalog; path = Assets.xcassets; sourceTree = "<group>"; };
		362BBB012C9425900040BBFB /* Preview Assets.xcassets */ = {isa = PBXFileReference; lastKnownFileType = folder.assetcatalog; path = "Preview Assets.xcassets"; sourceTree = "<group>"; };
		362BBB102C94275E0040BBFB /* CounterFeature.swift */ = {isa = PBXFileReference; lastKnownFileType = sourcecode.swift; path = CounterFeature.swift; sourceTree = "<group>"; };
		362BBB122C942E2A0040BBFB /* Info.plist */ = {isa = PBXFileReference; lastKnownFileType = text.plist; path = Info.plist; sourceTree = "<group>"; };
		362BBB3D2C9816650040BBFB /* CounterTCA.xctestplan */ = {isa = PBXFileReference; lastKnownFileType = text; path = CounterTCA.xctestplan; sourceTree = "<group>"; };
		362BBB422C9816C80040BBFB /* CounterTCATests.xctest */ = {isa = PBXFileReference; explicitFileType = wrapper.cfbundle; includeInIndex = 0; path = CounterTCATests.xctest; sourceTree = BUILT_PRODUCTS_DIR; };
		362BBB442C9816C80040BBFB /* CounterTCATests.swift */ = {isa = PBXFileReference; lastKnownFileType = sourcecode.swift; path = CounterTCATests.swift; sourceTree = "<group>"; };
/* End PBXFileReference section */

/* Begin PBXFrameworksBuildPhase section */
		362BBAF42C94257D0040BBFB /* Frameworks */ = {
			isa = PBXFrameworksBuildPhase;
			buildActionMask = 2147483647;
			files = (
				362BBB0F2C9426CC0040BBFB /* ComposableArchitecture in Frameworks */,
			);
			runOnlyForDeploymentPostprocessing = 0;
		};
		362BBB3F2C9816C80040BBFB /* Frameworks */ = {
			isa = PBXFrameworksBuildPhase;
			buildActionMask = 2147483647;
			files = (
			);
			runOnlyForDeploymentPostprocessing = 0;
		};
/* End PBXFrameworksBuildPhase section */

/* Begin PBXGroup section */
		362BBAEE2C94257D0040BBFB = {
			isa = PBXGroup;
			children = (
				362BBAF92C94257D0040BBFB /* CounterTCA */,
				362BBB432C9816C80040BBFB /* CounterTCATests */,
				362BBAF82C94257D0040BBFB /* Products */,
			);
			sourceTree = "<group>";
		};
		362BBAF82C94257D0040BBFB /* Products */ = {
			isa = PBXGroup;
			children = (
				362BBAF72C94257D0040BBFB /* CounterTCA.app */,
				362BBB422C9816C80040BBFB /* CounterTCATests.xctest */,
			);
			name = Products;
			sourceTree = "<group>";
		};
		362BBAF92C94257D0040BBFB /* CounterTCA */ = {
			isa = PBXGroup;
			children = (
				362BBB122C942E2A0040BBFB /* Info.plist */,
				362BBAFA2C94257D0040BBFB /* CounterTCAApp.swift */,
				362BBAFC2C94257D0040BBFB /* CounterView.swift */,
				362BBB102C94275E0040BBFB /* CounterFeature.swift */,
				362BBAFE2C9425900040BBFB /* Assets.xcassets */,
				362BBB002C9425900040BBFB /* Preview Content */,
			);
			path = CounterTCA;
			sourceTree = "<group>";
		};
		362BBB002C9425900040BBFB /* Preview Content */ = {
			isa = PBXGroup;
			children = (
				362BBB012C9425900040BBFB /* Preview Assets.xcassets */,
			);
			path = "Preview Content";
			sourceTree = "<group>";
		};
		362BBB432C9816C80040BBFB /* CounterTCATests */ = {
			isa = PBXGroup;
			children = (
				362BBB3D2C9816650040BBFB /* CounterTCA.xctestplan */,
				362BBB442C9816C80040BBFB /* CounterTCATests.swift */,
			);
			path = CounterTCATests;
			sourceTree = "<group>";
		};
/* End PBXGroup section */

/* Begin PBXNativeTarget section */
		362BBAF62C94257D0040BBFB /* CounterTCA */ = {
			isa = PBXNativeTarget;
			buildConfigurationList = 362BBB052C9425900040BBFB /* Build configuration list for PBXNativeTarget "CounterTCA" */;
			buildPhases = (
				362BBAF32C94257D0040BBFB /* Sources */,
				362BBAF42C94257D0040BBFB /* Frameworks */,
				362BBAF52C94257D0040BBFB /* Resources */,
			);
			buildRules = (
			);
			dependencies = (
			);
			name = CounterTCA;
			packageProductDependencies = (
				362BBB0E2C9426CC0040BBFB /* ComposableArchitecture */,
			);
			productName = CounterTCA;
			productReference = 362BBAF72C94257D0040BBFB /* CounterTCA.app */;
			productType = "com.apple.product-type.application";
		};
		362BBB412C9816C80040BBFB /* CounterTCATests */ = {
			isa = PBXNativeTarget;
			buildConfigurationList = 362BBB482C9816C80040BBFB /* Build configuration list for PBXNativeTarget "CounterTCATests" */;
			buildPhases = (
				362BBB3E2C9816C80040BBFB /* Sources */,
				362BBB3F2C9816C80040BBFB /* Frameworks */,
				362BBB402C9816C80040BBFB /* Resources */,
			);
			buildRules = (
			);
			dependencies = (
				362BBB472C9816C80040BBFB /* PBXTargetDependency */,
			);
			name = CounterTCATests;
			productName = CounterTCATests;
			productReference = 362BBB422C9816C80040BBFB /* CounterTCATests.xctest */;
			productType = "com.apple.product-type.bundle.unit-test";
		};
/* End PBXNativeTarget section */

/* Begin PBXProject section */
		362BBAEF2C94257D0040BBFB /* Project object */ = {
			isa = PBXProject;
			attributes = {
				BuildIndependentTargetsInParallel = 1;
				LastSwiftUpdateCheck = 1500;
				LastUpgradeCheck = 1500;
				TargetAttributes = {
					362BBAF62C94257D0040BBFB = {
						CreatedOnToolsVersion = 15.0.1;
					};
					362BBB412C9816C80040BBFB = {
						CreatedOnToolsVersion = 15.0.1;
						TestTargetID = 362BBAF62C94257D0040BBFB;
					};
				};
			};
			buildConfigurationList = 362BBAF22C94257D0040BBFB /* Build configuration list for PBXProject "CounterTCA" */;
			compatibilityVersion = "Xcode 14.0";
			developmentRegion = en;
			hasScannedForEncodings = 0;
			knownRegions = (
				en,
				Base,
			);
			mainGroup = 362BBAEE2C94257D0040BBFB;
			packageReferences = (
				362BBB0D2C9426CC0040BBFB /* XCRemoteSwiftPackageReference "swift-composable-architecture" */,
			);
			productRefGroup = 362BBAF82C94257D0040BBFB /* Products */;
			projectDirPath = "";
			projectRoot = "";
			targets = (
				362BBAF62C94257D0040BBFB /* CounterTCA */,
				362BBB412C9816C80040BBFB /* CounterTCATests */,
			);
		};
/* End PBXProject section */

/* Begin PBXResourcesBuildPhase section */
		362BBAF52C94257D0040BBFB /* Resources */ = {
			isa = PBXResourcesBuildPhase;
			buildActionMask = 2147483647;
			files = (
				362BBB022C9425900040BBFB /* Preview Assets.xcassets in Resources */,
				362BBAFF2C9425900040BBFB /* Assets.xcassets in Resources */,
			);
			runOnlyForDeploymentPostprocessing = 0;
		};
		362BBB402C9816C80040BBFB /* Resources */ = {
			isa = PBXResourcesBuildPhase;
			buildActionMask = 2147483647;
			files = (
			);
			runOnlyForDeploymentPostprocessing = 0;
		};
/* End PBXResourcesBuildPhase section */

/* Begin PBXSourcesBuildPhase section */
		362BBAF32C94257D0040BBFB /* Sources */ = {
			isa = PBXSourcesBuildPhase;
			buildActionMask = 2147483647;
			files = (
				362BBB112C94275E0040BBFB /* CounterFeature.swift in Sources */,
				362BBAFD2C94257D0040BBFB /* CounterView.swift in Sources */,
				362BBAFB2C94257D0040BBFB /* CounterTCAApp.swift in Sources */,
			);
			runOnlyForDeploymentPostprocessing = 0;
		};
		362BBB3E2C9816C80040BBFB /* Sources */ = {
			isa = PBXSourcesBuildPhase;
			buildActionMask = 2147483647;
			files = (
				362BBB452C9816C80040BBFB /* CounterTCATests.swift in Sources */,
			);
			runOnlyForDeploymentPostprocessing = 0;
		};
/* End PBXSourcesBuildPhase section */

/* Begin PBXTargetDependency section */
		362BBB472C9816C80040BBFB /* PBXTargetDependency */ = {
			isa = PBXTargetDependency;
			target = 362BBAF62C94257D0040BBFB /* CounterTCA */;
			targetProxy = 362BBB462C9816C80040BBFB /* PBXContainerItemProxy */;
		};
/* End PBXTargetDependency section */

/* Begin XCBuildConfiguration section */
		362BBB032C9425900040BBFB /* Debug */ = {
			isa = XCBuildConfiguration;
			buildSettings = {
				ALWAYS_SEARCH_USER_PATHS = NO;
				ASSETCATALOG_COMPILER_GENERATE_SWIFT_ASSET_SYMBOL_EXTENSIONS = YES;
				CLANG_ANALYZER_NONNULL = YES;
				CLANG_ANALYZER_NUMBER_OBJECT_CONVERSION = YES_AGGRESSIVE;
				CLANG_CXX_LANGUAGE_STANDARD = "gnu++20";
				CLANG_ENABLE_MODULES = YES;
				CLANG_ENABLE_OBJC_ARC = YES;
				CLANG_ENABLE_OBJC_WEAK = YES;
				CLANG_WARN_BLOCK_CAPTURE_AUTORELEASING = YES;
				CLANG_WARN_BOOL_CONVERSION = YES;
				CLANG_WARN_COMMA = YES;
				CLANG_WARN_CONSTANT_CONVERSION = YES;
				CLANG_WARN_DEPRECATED_OBJC_IMPLEMENTATIONS = YES;
				CLANG_WARN_DIRECT_OBJC_ISA_USAGE = YES_ERROR;
				CLANG_WARN_DOCUMENTATION_COMMENTS = YES;
				CLANG_WARN_EMPTY_BODY = YES;
				CLANG_WARN_ENUM_CONVERSION = YES;
				CLANG_WARN_INFINITE_RECURSION = YES;
				CLANG_WARN_INT_CONVERSION = YES;
				CLANG_WARN_NON_LITERAL_NULL_CONVERSION = YES;
				CLANG_WARN_OBJC_IMPLICIT_RETAIN_SELF = YES;
				CLANG_WARN_OBJC_LITERAL_CONVERSION = YES;
				CLANG_WARN_OBJC_ROOT_CLASS = YES_ERROR;
				CLANG_WARN_QUOTED_INCLUDE_IN_FRAMEWORK_HEADER = YES;
				CLANG_WARN_RANGE_LOOP_ANALYSIS = YES;
				CLANG_WARN_STRICT_PROTOTYPES = YES;
				CLANG_WARN_SUSPICIOUS_MOVE = YES;
				CLANG_WARN_UNGUARDED_AVAILABILITY = YES_AGGRESSIVE;
				CLANG_WARN_UNREACHABLE_CODE = YES;
				CLANG_WARN__DUPLICATE_METHOD_MATCH = YES;
				COPY_PHASE_STRIP = NO;
				DEBUG_INFORMATION_FORMAT = dwarf;
				ENABLE_STRICT_OBJC_MSGSEND = YES;
				ENABLE_TESTABILITY = YES;
				ENABLE_USER_SCRIPT_SANDBOXING = YES;
				GCC_C_LANGUAGE_STANDARD = gnu17;
				GCC_DYNAMIC_NO_PIC = NO;
				GCC_NO_COMMON_BLOCKS = YES;
				GCC_OPTIMIZATION_LEVEL = 0;
				GCC_PREPROCESSOR_DEFINITIONS = (
					"DEBUG=1",
					"$(inherited)",
				);
				GCC_WARN_64_TO_32_BIT_CONVERSION = YES;
				GCC_WARN_ABOUT_RETURN_TYPE = YES_ERROR;
				GCC_WARN_UNDECLARED_SELECTOR = YES;
				GCC_WARN_UNINITIALIZED_AUTOS = YES_AGGRESSIVE;
				GCC_WARN_UNUSED_FUNCTION = YES;
				GCC_WARN_UNUSED_VARIABLE = YES;
				IPHONEOS_DEPLOYMENT_TARGET = 17.0;
				LOCALIZATION_PREFERS_STRING_CATALOGS = YES;
				MTL_ENABLE_DEBUG_INFO = INCLUDE_SOURCE;
				MTL_FAST_MATH = YES;
				ONLY_ACTIVE_ARCH = YES;
				SDKROOT = iphoneos;
				SWIFT_ACTIVE_COMPILATION_CONDITIONS = "DEBUG $(inherited)";
				SWIFT_OPTIMIZATION_LEVEL = "-Onone";
			};
			name = Debug;
		};
		362BBB042C9425900040BBFB /* Release */ = {
			isa = XCBuildConfiguration;
			buildSettings = {
				ALWAYS_SEARCH_USER_PATHS = NO;
				ASSETCATALOG_COMPILER_GENERATE_SWIFT_ASSET_SYMBOL_EXTENSIONS = YES;
				CLANG_ANALYZER_NONNULL = YES;
				CLANG_ANALYZER_NUMBER_OBJECT_CONVERSION = YES_AGGRESSIVE;
				CLANG_CXX_LANGUAGE_STANDARD = "gnu++20";
				CLANG_ENABLE_MODULES = YES;
				CLANG_ENABLE_OBJC_ARC = YES;
				CLANG_ENABLE_OBJC_WEAK = YES;
				CLANG_WARN_BLOCK_CAPTURE_AUTORELEASING = YES;
				CLANG_WARN_BOOL_CONVERSION = YES;
				CLANG_WARN_COMMA = YES;
				CLANG_WARN_CONSTANT_CONVERSION = YES;
				CLANG_WARN_DEPRECATED_OBJC_IMPLEMENTATIONS = YES;
				CLANG_WARN_DIRECT_OBJC_ISA_USAGE = YES_ERROR;
				CLANG_WARN_DOCUMENTATION_COMMENTS = YES;
				CLANG_WARN_EMPTY_BODY = YES;
				CLANG_WARN_ENUM_CONVERSION = YES;
				CLANG_WARN_INFINITE_RECURSION = YES;
				CLANG_WARN_INT_CONVERSION = YES;
				CLANG_WARN_NON_LITERAL_NULL_CONVERSION = YES;
				CLANG_WARN_OBJC_IMPLICIT_RETAIN_SELF = YES;
				CLANG_WARN_OBJC_LITERAL_CONVERSION = YES;
				CLANG_WARN_OBJC_ROOT_CLASS = YES_ERROR;
				CLANG_WARN_QUOTED_INCLUDE_IN_FRAMEWORK_HEADER = YES;
				CLANG_WARN_RANGE_LOOP_ANALYSIS = YES;
				CLANG_WARN_STRICT_PROTOTYPES = YES;
				CLANG_WARN_SUSPICIOUS_MOVE = YES;
				CLANG_WARN_UNGUARDED_AVAILABILITY = YES_AGGRESSIVE;
				CLANG_WARN_UNREACHABLE_CODE = YES;
				CLANG_WARN__DUPLICATE_METHOD_MATCH = YES;
				COPY_PHASE_STRIP = NO;
				DEBUG_INFORMATION_FORMAT = "dwarf-with-dsym";
				ENABLE_NS_ASSERTIONS = NO;
				ENABLE_STRICT_OBJC_MSGSEND = YES;
				ENABLE_USER_SCRIPT_SANDBOXING = YES;
				GCC_C_LANGUAGE_STANDARD = gnu17;
				GCC_NO_COMMON_BLOCKS = YES;
				GCC_WARN_64_TO_32_BIT_CONVERSION = YES;
				GCC_WARN_ABOUT_RETURN_TYPE = YES_ERROR;
				GCC_WARN_UNDECLARED_SELECTOR = YES;
				GCC_WARN_UNINITIALIZED_AUTOS = YES_AGGRESSIVE;
				GCC_WARN_UNUSED_FUNCTION = YES;
				GCC_WARN_UNUSED_VARIABLE = YES;
				IPHONEOS_DEPLOYMENT_TARGET = 17.0;
				LOCALIZATION_PREFERS_STRING_CATALOGS = YES;
				MTL_ENABLE_DEBUG_INFO = NO;
				MTL_FAST_MATH = YES;
				SDKROOT = iphoneos;
				SWIFT_COMPILATION_MODE = wholemodule;
				VALIDATE_PRODUCT = YES;
			};
			name = Release;
		};
		362BBB062C9425900040BBFB /* Debug */ = {
			isa = XCBuildConfiguration;
			buildSettings = {
				ASSETCATALOG_COMPILER_APPICON_NAME = AppIcon;
				ASSETCATALOG_COMPILER_GLOBAL_ACCENT_COLOR_NAME = AccentColor;
				CODE_SIGN_STYLE = Automatic;
				CURRENT_PROJECT_VERSION = 1;
				DEVELOPMENT_ASSET_PATHS = "\"CounterTCA/Preview Content\"";
				ENABLE_PREVIEWS = YES;
				GENERATE_INFOPLIST_FILE = YES;
				INFOPLIST_FILE = CounterTCA/Info.plist;
				INFOPLIST_KEY_UIApplicationSceneManifest_Generation = YES;
				INFOPLIST_KEY_UIApplicationSupportsIndirectInputEvents = YES;
				INFOPLIST_KEY_UILaunchScreen_Generation = YES;
				INFOPLIST_KEY_UISupportedInterfaceOrientations_iPad = "UIInterfaceOrientationPortrait UIInterfaceOrientationPortraitUpsideDown UIInterfaceOrientationLandscapeLeft UIInterfaceOrientationLandscapeRight";
				INFOPLIST_KEY_UISupportedInterfaceOrientations_iPhone = "UIInterfaceOrientationPortrait UIInterfaceOrientationLandscapeLeft UIInterfaceOrientationLandscapeRight";
				LD_RUNPATH_SEARCH_PATHS = (
					"$(inherited)",
					"@executable_path/Frameworks",
				);
				MARKETING_VERSION = 1.0;
				PRODUCT_BUNDLE_IDENTIFIER = com.nagyeong.CounterTCA;
				PRODUCT_NAME = "$(TARGET_NAME)";
				SWIFT_EMIT_LOC_STRINGS = YES;
				SWIFT_VERSION = 5.0;
				TARGETED_DEVICE_FAMILY = "1,2";
			};
			name = Debug;
		};
		362BBB072C9425900040BBFB /* Release */ = {
			isa = XCBuildConfiguration;
			buildSettings = {
				ASSETCATALOG_COMPILER_APPICON_NAME = AppIcon;
				ASSETCATALOG_COMPILER_GLOBAL_ACCENT_COLOR_NAME = AccentColor;
				CODE_SIGN_STYLE = Automatic;
				CURRENT_PROJECT_VERSION = 1;
				DEVELOPMENT_ASSET_PATHS = "\"CounterTCA/Preview Content\"";
				ENABLE_PREVIEWS = YES;
				GENERATE_INFOPLIST_FILE = YES;
				INFOPLIST_FILE = CounterTCA/Info.plist;
				INFOPLIST_KEY_UIApplicationSceneManifest_Generation = YES;
				INFOPLIST_KEY_UIApplicationSupportsIndirectInputEvents = YES;
				INFOPLIST_KEY_UILaunchScreen_Generation = YES;
				INFOPLIST_KEY_UISupportedInterfaceOrientations_iPad = "UIInterfaceOrientationPortrait UIInterfaceOrientationPortraitUpsideDown UIInterfaceOrientationLandscapeLeft UIInterfaceOrientationLandscapeRight";
				INFOPLIST_KEY_UISupportedInterfaceOrientations_iPhone = "UIInterfaceOrientationPortrait UIInterfaceOrientationLandscapeLeft UIInterfaceOrientationLandscapeRight";
				LD_RUNPATH_SEARCH_PATHS = (
					"$(inherited)",
					"@executable_path/Frameworks",
				);
				MARKETING_VERSION = 1.0;
				PRODUCT_BUNDLE_IDENTIFIER = com.nagyeong.CounterTCA;
				PRODUCT_NAME = "$(TARGET_NAME)";
				SWIFT_EMIT_LOC_STRINGS = YES;
				SWIFT_VERSION = 5.0;
				TARGETED_DEVICE_FAMILY = "1,2";
			};
			name = Release;
		};
		362BBB492C9816C80040BBFB /* Debug */ = {
			isa = XCBuildConfiguration;
			buildSettings = {
				BUNDLE_LOADER = "$(TEST_HOST)";
				CODE_SIGN_STYLE = Automatic;
				CURRENT_PROJECT_VERSION = 1;
				GENERATE_INFOPLIST_FILE = YES;
				IPHONEOS_DEPLOYMENT_TARGET = 17.0;
				MACOSX_DEPLOYMENT_TARGET = 14.0;
				MARKETING_VERSION = 1.0;
				PRODUCT_BUNDLE_IDENTIFIER = com.nagyeong.CounterTCATests;
				PRODUCT_NAME = "$(TARGET_NAME)";
				SDKROOT = auto;
				SUPPORTED_PLATFORMS = "iphoneos iphonesimulator macosx";
				SWIFT_EMIT_LOC_STRINGS = NO;
				SWIFT_VERSION = 5.0;
				TARGETED_DEVICE_FAMILY = "1,2";
				TEST_HOST = "$(BUILT_PRODUCTS_DIR)/CounterTCA.app/$(BUNDLE_EXECUTABLE_FOLDER_PATH)/CounterTCA";
			};
			name = Debug;
		};
		362BBB4A2C9816C80040BBFB /* Release */ = {
			isa = XCBuildConfiguration;
			buildSettings = {
				BUNDLE_LOADER = "$(TEST_HOST)";
				CODE_SIGN_STYLE = Automatic;
				CURRENT_PROJECT_VERSION = 1;
				GENERATE_INFOPLIST_FILE = YES;
				IPHONEOS_DEPLOYMENT_TARGET = 17.0;
				MACOSX_DEPLOYMENT_TARGET = 14.0;
				MARKETING_VERSION = 1.0;
				PRODUCT_BUNDLE_IDENTIFIER = com.nagyeong.CounterTCATests;
				PRODUCT_NAME = "$(TARGET_NAME)";
				SDKROOT = auto;
				SUPPORTED_PLATFORMS = "iphoneos iphonesimulator macosx";
				SWIFT_EMIT_LOC_STRINGS = NO;
				SWIFT_VERSION = 5.0;
				TARGETED_DEVICE_FAMILY = "1,2";
				TEST_HOST = "$(BUILT_PRODUCTS_DIR)/CounterTCA.app/$(BUNDLE_EXECUTABLE_FOLDER_PATH)/CounterTCA";
			};
			name = Release;
		};
/* End XCBuildConfiguration section */

/* Begin XCConfigurationList section */
		362BBAF22C94257D0040BBFB /* Build configuration list for PBXProject "CounterTCA" */ = {
			isa = XCConfigurationList;
			buildConfigurations = (
				362BBB032C9425900040BBFB /* Debug */,
				362BBB042C9425900040BBFB /* Release */,
			);
			defaultConfigurationIsVisible = 0;
			defaultConfigurationName = Release;
		};
		362BBB052C9425900040BBFB /* Build configuration list for PBXNativeTarget "CounterTCA" */ = {
			isa = XCConfigurationList;
			buildConfigurations = (
				362BBB062C9425900040BBFB /* Debug */,
				362BBB072C9425900040BBFB /* Release */,
			);
			defaultConfigurationIsVisible = 0;
			defaultConfigurationName = Release;
		};
		362BBB482C9816C80040BBFB /* Build configuration list for PBXNativeTarget "CounterTCATests" */ = {
			isa = XCConfigurationList;
			buildConfigurations = (
				362BBB492C9816C80040BBFB /* Debug */,
				362BBB4A2C9816C80040BBFB /* Release */,
			);
			defaultConfigurationIsVisible = 0;
			defaultConfigurationName = Release;
		};
/* End XCConfigurationList section */

/* Begin XCRemoteSwiftPackageReference section */
		362BBB0D2C9426CC0040BBFB /* XCRemoteSwiftPackageReference "swift-composable-architecture" */ = {
			isa = XCRemoteSwiftPackageReference;
			repositoryURL = "https://github.com/pointfreeco/swift-composable-architecture.git";
			requirement = {
				kind = upToNextMajorVersion;
				minimumVersion = 1.15.0;
			};
		};
/* End XCRemoteSwiftPackageReference section */

/* Begin XCSwiftPackageProductDependency section */
		362BBB0E2C9426CC0040BBFB /* ComposableArchitecture */ = {
			isa = XCSwiftPackageProductDependency;
			package = 362BBB0D2C9426CC0040BBFB /* XCRemoteSwiftPackageReference "swift-composable-architecture" */;
			productName = ComposableArchitecture;
		};
/* End XCSwiftPackageProductDependency section */
	};
	rootObject = 362BBAEF2C94257D0040BBFB /* Project object */;
}
